{
  "nodes": {
    "catppuccin": {
      "inputs": {
        "nixpkgs": "nixpkgs"
      },
      "locked": {
        "lastModified": 1760692571,
        "narHash": "sha256-SgqC+B7F7hHDKug+zRUL83vhibCSknzhRl0+OxUYjn4=",
        "owner": "catppuccin",
        "repo": "nix",
        "rev": "8a084b86b6a4b2a1575e8cc67e07c4a687fce276",
        "type": "github"
      },
      "original": {
        "owner": "catppuccin",
        "repo": "nix",
        "type": "github"
      }
    },
    "chaotic": {
      "inputs": {
        "flake-schemas": "flake-schemas",
        "home-manager": "home-manager",
        "jovian": "jovian",
        "nixpkgs": [
          "nixpkgs"
        ],
        "rust-overlay": "rust-overlay"
      },
      "locked": {
        "lastModified": 1760747305,
        "narHash": "sha256-SsuuyaFp4TbJ+ofti9EXot9gIOk4vZqccat/zERVQN4=",
        "owner": "chaotic-cx",
        "repo": "nyx",
        "rev": "9838e14b30857ac0a50dbe98a5ba2233d6ccb2de",
        "type": "github"
      },
      "original": {
        "owner": "chaotic-cx",
        "ref": "nyxpkgs-unstable",
        "repo": "nyx",
        "type": "github"
      }
    },
    "declarative-cachix": {
      "locked": {
        "lastModified": 1698062126,
        "narHash": "sha256-JtL+IM2Vrlfwny2DtD/o1Ot6kWPq3cEFiEKNzWO0ZsY=",
        "owner": "jonascarpay",
        "repo": "declarative-cachix",
        "rev": "800c308a85b964eb3447a3cb07e8190fb74dcf59",
        "type": "github"
      },
      "original": {
        "owner": "jonascarpay",
        "repo": "declarative-cachix",
        "type": "github"
      }
    },
    "flake-compat": {
      "locked": {
        "lastModified": 1747046372,
        "narHash": "sha256-CIVLLkVgvHYbgI2UpXvIIBJ12HWgX+fjA8Xf8PUmqCY=",
        "owner": "edolstra",
        "repo": "flake-compat",
        "rev": "9100a0f413b0c601e0533d1d94ffd501ce2e7885",
        "type": "github"
      },
      "original": {
        "owner": "edolstra",
        "repo": "flake-compat",
        "type": "github"
      }
    },
    "flake-compat_2": {
      "flake": false,
      "locked": {
        "lastModified": 1673956053,
        "narHash": "sha256-4gtG9iQuiKITOjNQQeQIpoIB6b16fm+504Ch3sNKLd8=",
        "owner": "edolstra",
        "repo": "flake-compat",
        "rev": "35bb57c0c8d8b62bbfd284272c928ceb64ddbde9",
        "type": "github"
      },
      "original": {
        "owner": "edolstra",
        "repo": "flake-compat",
        "type": "github"
      }
    },
    "flake-parts": {
      "inputs": {
        "nixpkgs-lib": "nixpkgs-lib"
      },
      "locked": {
        "lastModified": 1749398372,
        "narHash": "sha256-tYBdgS56eXYaWVW3fsnPQ/nFlgWi/Z2Ymhyu21zVM98=",
        "owner": "hercules-ci",
        "repo": "flake-parts",
        "rev": "9305fe4e5c2a6fcf5ba6a3ff155720fbe4076569",
        "type": "github"
      },
      "original": {
        "owner": "hercules-ci",
        "repo": "flake-parts",
        "type": "github"
      }
    },
    "flake-parts_2": {
      "inputs": {
        "nixpkgs-lib": [
          "nur",
          "nixpkgs"
        ]
      },
      "locked": {
        "lastModified": 1733312601,
        "narHash": "sha256-4pDvzqnegAfRkPwO3wmwBhVi/Sye1mzps0zHWYnP88c=",
        "owner": "hercules-ci",
        "repo": "flake-parts",
        "rev": "205b12d8b7cd4802fbcb8e8ef6a0f1408781a4f9",
        "type": "github"
      },
      "original": {
        "owner": "hercules-ci",
        "repo": "flake-parts",
        "type": "github"
      }
    },
    "flake-parts_3": {
      "inputs": {
        "nixpkgs-lib": "nixpkgs-lib_2"
      },
      "locked": {
        "lastModified": 1756770412,
        "narHash": "sha256-+uWLQZccFHwqpGqr2Yt5VsW/PbeJVTn9Dk6SHWhNRPw=",
        "owner": "hercules-ci",
        "repo": "flake-parts",
        "rev": "4524271976b625a4a605beefd893f270620fd751",
        "type": "github"
      },
      "original": {
        "owner": "hercules-ci",
        "repo": "flake-parts",
        "type": "github"
      }
    },
    "flake-schemas": {
      "locked": {
        "lastModified": 1721999734,
        "narHash": "sha256-G5CxYeJVm4lcEtaO87LKzOsVnWeTcHGKbKxNamNWgOw=",
        "rev": "0a5c42297d870156d9c57d8f99e476b738dcd982",
        "revCount": 75,
        "type": "tarball",
        "url": "https://api.flakehub.com/f/pinned/DeterminateSystems/flake-schemas/0.1.5/0190ef2f-61e0-794b-ba14-e82f225e55e6/source.tar.gz"
      },
      "original": {
        "type": "tarball",
        "url": "https://flakehub.com/f/DeterminateSystems/flake-schemas/%3D0.1.5.tar.gz"
      }
    },
    "flake-utils": {
      "inputs": {
        "systems": "systems"
      },
      "locked": {
        "lastModified": 1731533236,
        "narHash": "sha256-l0KFg5HjrsfsO/JpG+r7fRrqm12kzFHyUHqHCVpMMbI=",
        "owner": "numtide",
        "repo": "flake-utils",
        "rev": "11707dc2f618dd54ca8739b309ec4fc024de578b",
        "type": "github"
      },
      "original": {
        "owner": "numtide",
        "repo": "flake-utils",
        "type": "github"
      }
    },
    "flake-utils_2": {
      "inputs": {
        "systems": "systems_2"
      },
      "locked": {
        "lastModified": 1731533236,
        "narHash": "sha256-l0KFg5HjrsfsO/JpG+r7fRrqm12kzFHyUHqHCVpMMbI=",
        "owner": "numtide",
        "repo": "flake-utils",
        "rev": "11707dc2f618dd54ca8739b309ec4fc024de578b",
        "type": "github"
      },
      "original": {
        "owner": "numtide",
        "repo": "flake-utils",
        "type": "github"
      }
    },
    "flake-utils_3": {
      "locked": {
        "lastModified": 1676283394,
        "narHash": "sha256-XX2f9c3iySLCw54rJ/CZs+ZK6IQy7GXNY4nSOyu2QG4=",
        "owner": "numtide",
        "repo": "flake-utils",
        "rev": "3db36a8b464d0c4532ba1c7dda728f4576d6d073",
        "type": "github"
      },
      "original": {
        "owner": "numtide",
        "repo": "flake-utils",
        "type": "github"
      }
    },
    "flake-utils_4": {
      "inputs": {
        "systems": "systems_3"
      },
      "locked": {
        "lastModified": 1731533236,
        "narHash": "sha256-l0KFg5HjrsfsO/JpG+r7fRrqm12kzFHyUHqHCVpMMbI=",
        "owner": "numtide",
        "repo": "flake-utils",
        "rev": "11707dc2f618dd54ca8739b309ec4fc024de578b",
        "type": "github"
      },
      "original": {
        "owner": "numtide",
        "repo": "flake-utils",
        "type": "github"
      }
    },
    "flake-utils_5": {
      "inputs": {
        "systems": "systems_4"
      },
      "locked": {
        "lastModified": 1731533236,
        "narHash": "sha256-l0KFg5HjrsfsO/JpG+r7fRrqm12kzFHyUHqHCVpMMbI=",
        "owner": "numtide",
        "repo": "flake-utils",
        "rev": "11707dc2f618dd54ca8739b309ec4fc024de578b",
        "type": "github"
      },
      "original": {
        "owner": "numtide",
        "repo": "flake-utils",
        "type": "github"
      }
    },
    "home-manager": {
      "inputs": {
        "nixpkgs": [
          "chaotic",
          "nixpkgs"
        ]
      },
      "locked": {
        "lastModified": 1760662441,
        "narHash": "sha256-mlDqR1Ntgs9uYYEAUR1IhamKBO0lxoNS4zGLzEZaY0A=",
        "owner": "nix-community",
        "repo": "home-manager",
        "rev": "722792af097dff5790f1a66d271a47759f477755",
        "type": "github"
      },
      "original": {
        "owner": "nix-community",
        "repo": "home-manager",
        "type": "github"
      }
    },
    "home-manager_2": {
      "inputs": {
        "nixpkgs": [
          "nixpkgs"
        ]
      },
      "locked": {
        "lastModified": 1760885310,
        "narHash": "sha256-0Vv3NuZo9iNhXOlN5hWcvYR+hWmq3rgi8UoLtIOadBc=",
        "owner": "nix-community",
        "repo": "home-manager",
        "rev": "90af98a2fc3a4fb4c4eb9836e8b18fc7beaef2db",
        "type": "github"
      },
      "original": {
        "owner": "nix-community",
        "ref": "master",
        "repo": "home-manager",
        "type": "github"
      }
    },
    "jovian": {
      "inputs": {
        "nix-github-actions": "nix-github-actions",
        "nixpkgs": [
          "chaotic",
          "nixpkgs"
        ]
      },
      "locked": {
        "lastModified": 1760534924,
        "narHash": "sha256-OIOCC86DxTxp1VG7xAiM+YABtVqp6vTkYIoAiGQMqso=",
        "owner": "Jovian-Experiments",
        "repo": "Jovian-NixOS",
        "rev": "100b4e000032b865563a9754e5bca189bc544764",
        "type": "github"
      },
      "original": {
        "owner": "Jovian-Experiments",
        "repo": "Jovian-NixOS",
        "type": "github"
      }
    },
    "kidex": {
      "inputs": {
        "flake-parts": "flake-parts",
        "home-manager": [
          "home-manager"
        ],
        "nixpkgs": [
          "nixpkgs"
        ]
      },
      "locked": {
        "lastModified": 1756191442,
        "narHash": "sha256-y9S/DgRnnwtyKjtEILFzu+4gocrDNkm33n+FtmPZeGc=",
        "owner": "Kirottu",
        "repo": "kidex",
        "rev": "2d9c972b0439a7952866cb01bf4a4ad54b3ccc38",
        "type": "github"
      },
      "original": {
        "owner": "Kirottu",
        "repo": "kidex",
        "type": "github"
      }
    },
    "ls_colors": {
      "flake": false,
      "locked": {
        "lastModified": 1749219789,
        "narHash": "sha256-MMzNknuELhpSkvcPgCL2Pp5A6DZrLajkz8qLphSNbjY=",
        "owner": "trapd00r",
        "repo": "LS_COLORS",
        "rev": "810ce8cac886ac50e75d84fb438b549a1f9478ee",
        "type": "github"
      },
      "original": {
        "owner": "trapd00r",
        "repo": "LS_COLORS",
        "type": "github"
      }
    },
    "matui": {
      "inputs": {
        "flake-utils": "flake-utils",
        "nixpkgs": [
          "nixpkgs"
        ],
        "rust-overlay": "rust-overlay_2"
      },
      "locked": {
        "lastModified": 1754284101,
        "narHash": "sha256-heWnVgEFpQHqc72vk15qXylFLvY3kCkuSwLUcbg6FoI=",
        "owner": "pkulak",
        "repo": "matui",
        "rev": "d067a23fb1b693dc5ab14db6c4641bde6c194891",
        "type": "github"
      },
      "original": {
        "owner": "pkulak",
        "repo": "matui",
        "type": "github"
      }
    },
    "niri-flake": {
      "inputs": {
        "niri-stable": "niri-stable",
        "niri-unstable": "niri-unstable",
        "nixpkgs": [
          "nixpkgs"
        ],
        "nixpkgs-stable": "nixpkgs-stable",
        "xwayland-satellite-stable": "xwayland-satellite-stable",
        "xwayland-satellite-unstable": "xwayland-satellite-unstable"
      },
      "locked": {
        "lastModified": 1760884961,
        "narHash": "sha256-IOM46J+S74ylMy3kA0uwaF/0t9GuGMey0fHXmH9d1kM=",
        "owner": "sodiboo",
        "repo": "niri-flake",
        "rev": "8d48b5f42febe4824a79ad54095e48cef10961ad",
        "type": "github"
      },
      "original": {
        "owner": "sodiboo",
        "repo": "niri-flake",
        "type": "github"
      }
    },
    "niri-stable": {
      "flake": false,
      "locked": {
        "lastModified": 1756556321,
        "narHash": "sha256-RLD89dfjN0RVO86C/Mot0T7aduCygPGaYbog566F0Qo=",
        "owner": "YaLTeR",
        "repo": "niri",
        "rev": "01be0e65f4eb91a9cd624ac0b76aaeab765c7294",
        "type": "github"
      },
      "original": {
        "owner": "YaLTeR",
        "ref": "v25.08",
        "repo": "niri",
        "type": "github"
      }
    },
    "niri-unstable": {
      "flake": false,
      "locked": {
        "lastModified": 1760878897,
        "narHash": "sha256-Z0vhMbpT0OTO6EftHVXfU6rzh8pz6ITly/J8lQgjp2o=",
        "owner": "YaLTeR",
        "repo": "niri",
        "rev": "c8eea8ee9ddf795da8cb356599f17e2dc7cfea20",
        "type": "github"
      },
      "original": {
        "owner": "YaLTeR",
        "repo": "niri",
        "type": "github"
      }
    },
    "nix-cwc": {
      "inputs": {
        "flake-compat": "flake-compat",
        "flake-utils": "flake-utils_2",
        "nixpkgs": [
          "nixpkgs"
        ]
      },
      "locked": {
        "lastModified": 1760835380,
        "narHash": "sha256-3M61vFVc+hTuAxFhXF0BBjg8sb/4xJToKLo1TiIlaiM=",
        "owner": "0komo",
        "repo": "nix-cwc",
        "rev": "7b7a5e6e542c5f09cc816e15a7fdc6f0cb25eb0f",
        "type": "github"
      },
      "original": {
        "owner": "0komo",
        "repo": "nix-cwc",
        "type": "github"
      }
    },
    "nix-filter": {
      "locked": {
        "lastModified": 1710156097,
        "narHash": "sha256-1Wvk8UP7PXdf8bCCaEoMnOT1qe5/Duqgj+rL8sRQsSM=",
        "owner": "numtide",
        "repo": "nix-filter",
        "rev": "3342559a24e85fc164b295c3444e8a139924675b",
        "type": "github"
      },
      "original": {
        "owner": "numtide",
        "repo": "nix-filter",
        "type": "github"
      }
    },
    "nix-flatpak": {
      "locked": {
        "lastModified": 1739444422,
        "narHash": "sha256-iAVVHi7X3kWORftY+LVbRiStRnQEob2TULWyjMS6dWg=",
        "owner": "gmodena",
        "repo": "nix-flatpak",
        "rev": "5e54c3ca05a7c7d968ae1ddeabe01d2a9bc1e177",
        "type": "github"
      },
      "original": {
        "owner": "gmodena",
        "ref": "latest",
        "repo": "nix-flatpak",
        "type": "github"
      }
    },
    "nix-github-actions": {
      "inputs": {
        "nixpkgs": [
          "chaotic",
          "jovian",
          "nixpkgs"
        ]
      },
      "locked": {
        "lastModified": 1729697500,
        "narHash": "sha256-VFTWrbzDlZyFHHb1AlKRiD/qqCJIripXKiCSFS8fAOY=",
        "owner": "zhaofengli",
        "repo": "nix-github-actions",
        "rev": "e418aeb728b6aa5ca8c5c71974e7159c2df1d8cf",
        "type": "github"
      },
      "original": {
        "owner": "zhaofengli",
        "ref": "matrix-name",
        "repo": "nix-github-actions",
        "type": "github"
      }
    },
    "nix-index-database": {
      "inputs": {
        "nixpkgs": [
          "nixpkgs"
        ]
      },
      "locked": {
        "lastModified": 1760846226,
        "narHash": "sha256-xmU8kAsRprJiTGBTaGrwmjBP3AMA9ltlrxHKFuy5JWc=",
        "owner": "nix-community",
        "repo": "nix-index-database",
        "rev": "5024e1901239a76b7bf94a4cd27f3507e639d49e",
        "type": "github"
      },
      "original": {
        "owner": "nix-community",
        "repo": "nix-index-database",
        "type": "github"
      }
    },
    "nix-search-cli": {
      "inputs": {
        "flake-compat": "flake-compat_2",
        "flake-utils": "flake-utils_3",
        "nix-filter": "nix-filter",
        "nixpkgs": [
          "nixpkgs"
        ]
      },
      "locked": {
        "lastModified": 1752522155,
        "narHash": "sha256-CoPshsDV1kHGKF5aEc/VOGjf8aNLnTYx2sO3jK+5bhE=",
        "owner": "peterldowns",
        "repo": "nix-search-cli",
        "rev": "8ecb6143a2bb95e44d0d1357e4387923b79ef51d",
        "type": "github"
      },
      "original": {
        "owner": "peterldowns",
        "repo": "nix-search-cli",
        "type": "github"
      }
    },
    "nix-std": {
      "locked": {
        "lastModified": 1710870712,
        "narHash": "sha256-e+7MJF2gsgTBuOWv4mCimSP0D9+naeFSw9a7N3yEmv4=",
        "owner": "chessai",
        "repo": "nix-std",
        "rev": "31bbc925750cc9d8f828fe55cee1a2bd985e0c00",
        "type": "github"
      },
      "original": {
        "owner": "chessai",
        "repo": "nix-std",
        "type": "github"
      }
    },
    "nixGL": {
      "inputs": {
        "flake-utils": "flake-utils_4",
        "nixpkgs": [
          "nixpkgs"
        ]
      },
      "locked": {
        "lastModified": 1752054764,
        "narHash": "sha256-Ob/HuUhANoDs+nvYqyTKrkcPXf4ZgXoqMTQoCK0RFgQ=",
        "owner": "nix-community",
        "repo": "nixGL",
        "rev": "a8e1ce7d49a149ed70df676785b07f63288f53c5",
        "type": "github"
      },
      "original": {
        "owner": "nix-community",
        "repo": "nixGL",
        "type": "github"
      }
    },
    "nixpkgs": {
      "locked": {
        "lastModified": 1760524057,
        "narHash": "sha256-EVAqOteLBFmd7pKkb0+FIUyzTF61VKi7YmvP1tw4nEw=",
        "owner": "NixOS",
        "repo": "nixpkgs",
        "rev": "544961dfcce86422ba200ed9a0b00dd4b1486ec5",
        "type": "github"
      },
      "original": {
        "owner": "NixOS",
        "ref": "nixos-unstable",
        "repo": "nixpkgs",
        "type": "github"
      }
    },
    "nixpkgs-lib": {
      "locked": {
        "lastModified": 1748740939,
        "narHash": "sha256-rQaysilft1aVMwF14xIdGS3sj1yHlI6oKQNBRTF40cc=",
        "owner": "nix-community",
        "repo": "nixpkgs.lib",
        "rev": "656a64127e9d791a334452c6b6606d17539476e2",
        "type": "github"
      },
      "original": {
        "owner": "nix-community",
        "repo": "nixpkgs.lib",
        "type": "github"
      }
    },
    "nixpkgs-lib_2": {
      "locked": {
        "lastModified": 1754788789,
        "narHash": "sha256-x2rJ+Ovzq0sCMpgfgGaaqgBSwY+LST+WbZ6TytnT9Rk=",
        "owner": "nix-community",
        "repo": "nixpkgs.lib",
        "rev": "a73b9c743612e4244d865a2fdee11865283c04e6",
        "type": "github"
      },
      "original": {
        "owner": "nix-community",
        "repo": "nixpkgs.lib",
        "type": "github"
      }
    },
    "nixpkgs-stable": {
      "locked": {
        "lastModified": 1760725957,
        "narHash": "sha256-tdoIhL/NlER290HfSjOkgi4jfmjeqmqrzgnmiMtGepE=",
        "owner": "NixOS",
        "repo": "nixpkgs",
        "rev": "81b927b14b7b3988334d5282ef9cba802e193fe1",
        "type": "github"
      },
      "original": {
        "owner": "NixOS",
        "ref": "nixos-25.05",
        "repo": "nixpkgs",
        "type": "github"
      }
    },
    "nixpkgs_2": {
      "locked": {
        "lastModified": 1760524057,
        "narHash": "sha256-EVAqOteLBFmd7pKkb0+FIUyzTF61VKi7YmvP1tw4nEw=",
        "owner": "NixOS",
        "repo": "nixpkgs",
        "rev": "544961dfcce86422ba200ed9a0b00dd4b1486ec5",
        "type": "github"
      },
      "original": {
        "owner": "NixOS",
        "ref": "nixos-unstable",
        "repo": "nixpkgs",
        "type": "github"
      }
    },
    "nixpkgs_3": {
      "locked": {
        "lastModified": 1744536153,
        "narHash": "sha256-awS2zRgF4uTwrOKwwiJcByDzDOdo3Q1rPZbiHQg/N38=",
        "owner": "NixOS",
        "repo": "nixpkgs",
        "rev": "18dd725c29603f582cf1900e0d25f9f1063dbf11",
        "type": "github"
      },
      "original": {
        "owner": "NixOS",
        "ref": "nixpkgs-unstable",
        "repo": "nixpkgs",
        "type": "github"
      }
    },
    "nur": {
      "inputs": {
        "flake-parts": "flake-parts_2",
        "nixpkgs": [
          "nixpkgs"
        ]
      },
      "locked": {
        "lastModified": 1760884813,
        "narHash": "sha256-tw2mTBPG3Ee6kYPpIq1bSiS8Ksi51Wr6qhdFbqSvRfk=",
        "owner": "nix-community",
        "repo": "NUR",
        "rev": "b4fde9465e9cc3d62dbf507ab3722cedbb8f2994",
        "type": "github"
      },
      "original": {
        "owner": "nix-community",
        "repo": "NUR",
        "type": "github"
      }
    },
    "root": {
      "inputs": {
        "catppuccin": "catppuccin",
        "chaotic": "chaotic",
        "declarative-cachix": "declarative-cachix",
        "home-manager": "home-manager_2",
        "kidex": "kidex",
        "ls_colors": "ls_colors",
        "matui": "matui",
        "niri-flake": "niri-flake",
        "nix-cwc": "nix-cwc",
        "nix-flatpak": "nix-flatpak",
        "nix-index-database": "nix-index-database",
        "nix-search-cli": "nix-search-cli",
        "nix-std": "nix-std",
        "nixGL": "nixGL",
        "nixpkgs": "nixpkgs_2",
        "nur": "nur",
        "wired": "wired",
        "xwayland-satellite": "xwayland-satellite",
        "zen-browser": "zen-browser"
      }
    },
    "rust-overlay": {
      "inputs": {
        "nixpkgs": [
          "chaotic",
          "nixpkgs"
        ]
      },
      "locked": {
        "lastModified": 1760668505,
        "narHash": "sha256-Ed0cGwPZtLRiSvMx4KgPx8bhLYzn5jiJ7s5o5vj4oG0=",
        "owner": "oxalica",
        "repo": "rust-overlay",
        "rev": "18234d2c11b10eaec9ccc3a1089a5ea872ec8858",
        "type": "github"
      },
      "original": {
        "owner": "oxalica",
        "repo": "rust-overlay",
        "type": "github"
      }
    },
    "rust-overlay_2": {
      "inputs": {
        "nixpkgs": [
          "matui",
          "nixpkgs"
        ]
      },
      "locked": {
        "lastModified": 1745721366,
        "narHash": "sha256-dm93104HXjKWzkrr7yAPtxpbllOSzrwFFruc+rKQHSg=",
        "owner": "oxalica",
        "repo": "rust-overlay",
        "rev": "621131c9e281d1047bf8937547ed77e97c464aba",
        "type": "github"
      },
      "original": {
        "owner": "oxalica",
        "repo": "rust-overlay",
        "type": "github"
      }
    },
    "rust-overlay_3": {
      "inputs": {
        "nixpkgs": "nixpkgs_3"
      },
      "locked": {
        "lastModified": 1759199574,
        "narHash": "sha256-w24RYly3VSVKp98rVfCI1nFYfQ0VoWmShtKPCbXgK6A=",
        "owner": "oxalica",
        "repo": "rust-overlay",
        "rev": "381776b12d0d125edd7c1930c2041a1471e586c0",
        "type": "github"
      },
      "original": {
        "owner": "oxalica",
        "repo": "rust-overlay",
        "type": "github"
      }
    },
    "rust-overlay_4": {
      "inputs": {
        "nixpkgs": [
          "xwayland-satellite",
          "nixpkgs"
        ]
      },
      "locked": {
        "lastModified": 1739240901,
        "narHash": "sha256-YDtl/9w71m5WcZvbEroYoWrjECDhzJZLZ8E68S3BYok=",
        "owner": "oxalica",
        "repo": "rust-overlay",
        "rev": "03473e2af8a4b490f4d2cdb2e4d3b75f82c8197c",
        "type": "github"
      },
      "original": {
        "owner": "oxalica",
        "repo": "rust-overlay",
        "type": "github"
      }
    },
    "systems": {
      "locked": {
        "lastModified": 1681028828,
        "narHash": "sha256-Vy1rq5AaRuLzOxct8nz4T6wlgyUR7zLU309k9mBC768=",
        "owner": "nix-systems",
        "repo": "default",
        "rev": "da67096a3b9bf56a91d16901293e51ba5b49a27e",
        "type": "github"
      },
      "original": {
        "owner": "nix-systems",
        "repo": "default",
        "type": "github"
      }
    },
    "systems_2": {
      "locked": {
        "lastModified": 1681028828,
        "narHash": "sha256-Vy1rq5AaRuLzOxct8nz4T6wlgyUR7zLU309k9mBC768=",
        "owner": "nix-systems",
        "repo": "default",
        "rev": "da67096a3b9bf56a91d16901293e51ba5b49a27e",
        "type": "github"
      },
      "original": {
        "owner": "nix-systems",
        "repo": "default",
        "type": "github"
      }
    },
    "systems_3": {
      "locked": {
        "lastModified": 1681028828,
        "narHash": "sha256-Vy1rq5AaRuLzOxct8nz4T6wlgyUR7zLU309k9mBC768=",
        "owner": "nix-systems",
        "repo": "default",
        "rev": "da67096a3b9bf56a91d16901293e51ba5b49a27e",
        "type": "github"
      },
      "original": {
        "owner": "nix-systems",
        "repo": "default",
        "type": "github"
      }
    },
    "systems_4": {
      "locked": {
        "lastModified": 1681028828,
        "narHash": "sha256-Vy1rq5AaRuLzOxct8nz4T6wlgyUR7zLU309k9mBC768=",
        "owner": "nix-systems",
        "repo": "default",
        "rev": "da67096a3b9bf56a91d16901293e51ba5b49a27e",
        "type": "github"
      },
      "original": {
        "owner": "nix-systems",
        "repo": "default",
        "type": "github"
      }
    },
    "wired": {
      "inputs": {
        "flake-parts": "flake-parts_3",
        "nixpkgs": [
          "nixpkgs"
        ],
        "rust-overlay": "rust-overlay_3"
      },
      "locked": {
        "lastModified": 1759739742,
        "narHash": "sha256-nTNmgO71tD3jJGpr9yIS1atOBJp8K1pwZOxnEdS+aAk=",
        "owner": "Toqozz",
        "repo": "wired-notify",
        "rev": "6a96aa2066d8ad945f2323b63dc217081ef51168",
        "type": "github"
      },
      "original": {
        "owner": "Toqozz",
        "repo": "wired-notify",
        "type": "github"
      }
    },
    "xwayland-satellite": {
      "inputs": {
        "flake-utils": "flake-utils_5",
        "nixpkgs": [
          "nixpkgs"
        ],
        "rust-overlay": "rust-overlay_4"
      },
      "locked": {
        "lastModified": 1759707084,
        "narHash": "sha256-0pkftKs6/LReNvxw7DVTN2AJEheZVgyeK0Aarbagi70=",
        "owner": "Supreeeme",
        "repo": "xwayland-satellite",
        "rev": "a9188e70bd748118b4d56a529871b9de5adb9988",
        "type": "github"
      },
      "original": {
        "owner": "Supreeeme",
        "repo": "xwayland-satellite",
        "type": "github"
      }
    },
    "xwayland-satellite-stable": {
      "flake": false,
      "locked": {
        "lastModified": 1755491097,
        "narHash": "sha256-m+9tUfsmBeF2Gn4HWa6vSITZ4Gz1eA1F5Kh62B0N4oE=",
        "owner": "Supreeeme",
        "repo": "xwayland-satellite",
        "rev": "388d291e82ffbc73be18169d39470f340707edaa",
        "type": "github"
      },
      "original": {
        "owner": "Supreeeme",
        "ref": "v0.7",
        "repo": "xwayland-satellite",
        "type": "github"
      }
    },
    "xwayland-satellite-unstable": {
      "flake": false,
      "locked": {
        "lastModified": 1759707084,
        "narHash": "sha256-0pkftKs6/LReNvxw7DVTN2AJEheZVgyeK0Aarbagi70=",
        "owner": "Supreeeme",
        "repo": "xwayland-satellite",
        "rev": "a9188e70bd748118b4d56a529871b9de5adb9988",
        "type": "github"
      },
      "original": {
        "owner": "Supreeeme",
        "repo": "xwayland-satellite",
        "type": "github"
      }
    },
    "zen-browser": {
      "inputs": {
        "nixpkgs": [
          "nixpkgs"
        ]
      },
      "locked": {
        "lastModified": 1759965677,
        "narHash": "sha256-bdq9J2AFWapH60eE41VSYSrTknqCZIIRE5xgZMM4ua8=",
        "owner": "pfaj",
        "repo": "zen-browser-flake",
        "rev": "8e7af47dbf26a3c782286b8632541defb39dc6e7",
        "type": "github"
      },
      "original": {
        "owner": "pfaj",
        "repo": "zen-browser-flake",
        "type": "github"
      }
    }
  },
  "root": "root",
  "version": 7
}
